{
    "_readme": [
        "This file locks the dependencies of your project to a known state",
        "Read more about it at https://getcomposer.org/doc/01-basic-usage.md#installing-dependencies",
        "This file is @generated automatically"
    ],
    "content-hash": "43e50e476d0bc0974c7987c9fe7c9e7a",
    "packages": [
        {
            "name": "ivanlulyf/bunnyphp",
            "version": "2.2.6",
            "source": {
                "type": "git",
                "url": "https://github.com/IvanLuLyf/BunnyPHP.git",
                "reference": "0f53b48bf674510e01c9a615342572011183c9b4"
            },
            "dist": {
                "type": "zip",
                "url": "https://api.github.com/repos/IvanLuLyf/BunnyPHP/zipball/0f53b48bf674510e01c9a615342572011183c9b4",
                "reference": "0f53b48bf674510e01c9a615342572011183c9b4",
                "shasum": ""
            },
            "require": {
                "php": ">=7.0.0"
            },
            "type": "library",
            "autoload": {
                "psr-4": {
                    "BunnyPHP\\": "BunnyPHP/"
                }
            },
            "notification-url": "https://packagist.org/downloads/",
            "license": [
                "MIT"
            ],
            "authors": [
                {
                    "name": "Ivan Lu",
                    "email": "me@ivanlu.cn"
                }
            ],
            "description": "a lightweight PHP MVC Framework",
            "keywords": [
                "framework",
                "mvc"
            ],
            "time": "2019-06-22T09:29:07+00:00"
        }
    ],
    "packages-dev": [],
    "aliases": [],
    "minimum-stability": "stable",
    "stability-flags": [],
    "prefer-stable": false,
    "prefer-lowest": false,
    "platform": [],
    "platform-dev": []
}
